
Microsoft Visual Studio Solution File, Format Version 12.00
# Visual Studio Version 16
VisualStudioVersion = 16.0.29519.181
MinimumVisualStudioVersion = 10.0.40219.1
Project("{FAE04EC0-301F-11D3-BF4B-00C04F79EFBC}") = "TogglInvoiceGenerator", "TogglInvoiceGenerator.csproj", "{9233A0BD-27A2-44E7-AFDB-3C609CFDC70D}"
EndProject
Project("{FAE04EC0-301F-11D3-BF4B-00C04F79EFBC}") = "TogglAPI", "TogglAPI\TogglAPI.csproj", "{97E77CB2-607A-4D2A-822B-1C84B8D3373F}"
EndProject
Project("{FAE04EC0-301F-11D3-BF4B-00C04F79EFBC}") = "TogglAPITests", "TogglAPITests\TogglAPITests.csproj", "{17F3EE16-0A00-4A74-A4C6-61EEDB844580}"
EndProject
Global
	GlobalSection(SolutionConfigurationPlatforms) = preSolution
		Debug|Any CPU = Debug|Any CPU
		Release|Any CPU = Release|Any CPU
	EndGlobalSection
	GlobalSection(ProjectConfigurationPlatforms) = postSolution
		{9233A0BD-27A2-44E7-AFDB-3C609CFDC70D}.Debug|Any CPU.ActiveCfg = Debug|Any CPU
		{9233A0BD-27A2-44E7-AFDB-3C609CFDC70D}.Debug|Any CPU.Build.0 = Debug|Any CPU
		{9233A0BD-27A2-44E7-AFDB-3C609CFDC70D}.Release|Any CPU.ActiveCfg = Release|Any CPU
		{9233A0BD-27A2-44E7-AFDB-3C609CFDC70D}.Release|Any CPU.Build.0 = Release|Any CPU
		{97E77CB2-607A-4D2A-822B-1C84B8D3373F}.Debug|Any CPU.ActiveCfg = Debug|Any CPU
		{97E77CB2-607A-4D2A-822B-1C84B8D3373F}.Debug|Any CPU.Build.0 = Debug|Any CPU
		{97E77CB2-607A-4D2A-822B-1C84B8D3373F}.Release|Any CPU.ActiveCfg = Release|Any CPU
		{97E77CB2-607A-4D2A-822B-1C84B8D3373F}.Release|Any CPU.Build.0 = Release|Any CPU
		{17F3EE16-0A00-4A74-A4C6-61EEDB844580}.Debug|Any CPU.ActiveCfg = Debug|Any CPU
		{17F3EE16-0A00-4A74-A4C6-61EEDB844580}.Debug|Any CPU.Build.0 = Debug|Any CPU
		{17F3EE16-0A00-4A74-A4C6-61EEDB844580}.Release|Any CPU.ActiveCfg = Release|Any CPU
		{17F3EE16-0A00-4A74-A4C6-61EEDB844580}.Release|Any CPU.Build.0 = Release|Any CPU
	EndGlobalSection
	GlobalSection(SolutionProperties) = preSolution
		HideSolutionNode = FALSE
	EndGlobalSection
	GlobalSection(ExtensibilityGlobals) = postSolution
		SolutionGuid = {DB63460B-5F79-4D86-8971-D730862DB563}
	EndGlobalSection
EndGlobal
